
Microsoft Visual Studio Solution File, Format Version 12.00
# Visual Studio Version 17
VisualStudioVersion = 17.3.32804.467
MinimumVisualStudioVersion = 10.0.40219.1
Project("{FAE04EC0-301F-11D3-BF4B-00C04F79EFBC}") = "Library.API", "Library.API\Library.API.csproj", "{A5CFFEA1-0950-4247-8738-0478F681AB9D}"
EndProject
Project("{FAE04EC0-301F-11D3-BF4B-00C04F79EFBC}") = "Library.DTOs", "Library.DTOs\Library.DTOs.csproj", "{98033465-B2CC-4457-8F8C-A538999F352C}"
EndProject
Project("{FAE04EC0-301F-11D3-BF4B-00C04F79EFBC}") = "Library.Core", "Library.Core\Library.Core.csproj", "{D068C308-9496-4D7C-8A62-965A5601A588}"
EndProject
Project("{FAE04EC0-301F-11D3-BF4B-00C04F79EFBC}") = "Library.Infrastructure", "Library.Infrastructure\Library.Infrastructure.csproj", "{9460949F-5A84-4962-9EC9-144C6D8924A9}"
EndProject
Project("{FAE04EC0-301F-11D3-BF4B-00C04F79EFBC}") = "Library.Domain", "Library.Domain\Library.Domain.csproj", "{CB83AFCF-20EA-472D-8871-6C2503208D2C}"
EndProject
Project("{FAE04EC0-301F-11D3-BF4B-00C04F79EFBC}") = "Library.Shared", "Library.Shared\Library.Shared.csproj", "{3047AC92-C842-4A11-8F93-0C6F17807813}"
EndProject
Project("{2150E333-8FDC-42A3-9474-1A3956D46DE8}") = "Identity", "Identity", "{C4F9EEA4-08DC-46CF-9AE5-F8D9EE29B765}"
EndProject
Project("{FAE04EC0-301F-11D3-BF4B-00C04F79EFBC}") = "Identity.Core", "Identity.Core\Identity.Core.csproj", "{E04C7B96-18B1-4597-ADF9-17C77A02D4B7}"
EndProject
Project("{FAE04EC0-301F-11D3-BF4B-00C04F79EFBC}") = "Identity.API", "Identity.API\Identity.API.csproj", "{D89F11F4-2439-4C2B-92C1-3ACA0FE95F60}"
EndProject
Project("{FAE04EC0-301F-11D3-BF4B-00C04F79EFBC}") = "Identity.Domain", "Identity.Domain\Identity.Domain.csproj", "{456AB071-39DB-4DBD-A1EE-F63CE7E1F177}"
EndProject
Project("{FAE04EC0-301F-11D3-BF4B-00C04F79EFBC}") = "Identity.DTOs", "Identity.DTOs\Identity.DTOs.csproj", "{1196613F-4670-4E8D-ACBE-0A7105257535}"
EndProject
Project("{FAE04EC0-301F-11D3-BF4B-00C04F79EFBC}") = "Identity.Infrastructure", "Identity.Infrastructure\Identity.Infrastructure.csproj", "{D1A7BD13-4119-46E6-AA82-D6CE87C25AC7}"
EndProject
Project("{2150E333-8FDC-42A3-9474-1A3956D46DE8}") = "Abonement", "Abonement", "{2183D077-A189-45F0-AF7E-53AEA3F5A51D}"
EndProject
Project("{FAE04EC0-301F-11D3-BF4B-00C04F79EFBC}") = "Abonement.API", "Abonement.API\Abonement.API.csproj", "{E5C86859-B2D4-4C37-BCA1-DE3F345358FC}"
EndProject
Project("{FAE04EC0-301F-11D3-BF4B-00C04F79EFBC}") = "Adbonement.Core", "Adbonement.Core\Adbonement.Core.csproj", "{74226A4D-6A9A-4CE8-9F7C-CBB62BE4F6EC}"
EndProject
Project("{FAE04EC0-301F-11D3-BF4B-00C04F79EFBC}") = "Abonement.Domain", "Abonement.Domain\Abonement.Domain.csproj", "{0EE5B237-36B8-4641-B3F2-23F65A0DA363}"
EndProject
Project("{FAE04EC0-301F-11D3-BF4B-00C04F79EFBC}") = "Abonement.DTOs", "Abonement.DTOs\Abonement.DTOs.csproj", "{A536641F-715D-4889-B520-FDC917BB1F3B}"
EndProject
Project("{FAE04EC0-301F-11D3-BF4B-00C04F79EFBC}") = "Abonement.Infrastructure", "Abonement.Infrastructure\Abonement.Infrastructure.csproj", "{BFE70494-64DC-400E-BFAE-71B6558212C8}"
EndProject
Global
	GlobalSection(SolutionConfigurationPlatforms) = preSolution
		Debug|Any CPU = Debug|Any CPU
		Release|Any CPU = Release|Any CPU
	EndGlobalSection
	GlobalSection(ProjectConfigurationPlatforms) = postSolution
		{A5CFFEA1-0950-4247-8738-0478F681AB9D}.Debug|Any CPU.ActiveCfg = Debug|Any CPU
		{A5CFFEA1-0950-4247-8738-0478F681AB9D}.Debug|Any CPU.Build.0 = Debug|Any CPU
		{A5CFFEA1-0950-4247-8738-0478F681AB9D}.Release|Any CPU.ActiveCfg = Release|Any CPU
		{A5CFFEA1-0950-4247-8738-0478F681AB9D}.Release|Any CPU.Build.0 = Release|Any CPU
		{98033465-B2CC-4457-8F8C-A538999F352C}.Debug|Any CPU.ActiveCfg = Debug|Any CPU
		{98033465-B2CC-4457-8F8C-A538999F352C}.Debug|Any CPU.Build.0 = Debug|Any CPU
		{98033465-B2CC-4457-8F8C-A538999F352C}.Release|Any CPU.ActiveCfg = Release|Any CPU
		{98033465-B2CC-4457-8F8C-A538999F352C}.Release|Any CPU.Build.0 = Release|Any CPU
		{D068C308-9496-4D7C-8A62-965A5601A588}.Debug|Any CPU.ActiveCfg = Debug|Any CPU
		{D068C308-9496-4D7C-8A62-965A5601A588}.Debug|Any CPU.Build.0 = Debug|Any CPU
		{D068C308-9496-4D7C-8A62-965A5601A588}.Release|Any CPU.ActiveCfg = Release|Any CPU
		{D068C308-9496-4D7C-8A62-965A5601A588}.Release|Any CPU.Build.0 = Release|Any CPU
		{9460949F-5A84-4962-9EC9-144C6D8924A9}.Debug|Any CPU.ActiveCfg = Debug|Any CPU
		{9460949F-5A84-4962-9EC9-144C6D8924A9}.Debug|Any CPU.Build.0 = Debug|Any CPU
		{9460949F-5A84-4962-9EC9-144C6D8924A9}.Release|Any CPU.ActiveCfg = Release|Any CPU
		{9460949F-5A84-4962-9EC9-144C6D8924A9}.Release|Any CPU.Build.0 = Release|Any CPU
		{CB83AFCF-20EA-472D-8871-6C2503208D2C}.Debug|Any CPU.ActiveCfg = Debug|Any CPU
		{CB83AFCF-20EA-472D-8871-6C2503208D2C}.Debug|Any CPU.Build.0 = Debug|Any CPU
		{CB83AFCF-20EA-472D-8871-6C2503208D2C}.Release|Any CPU.ActiveCfg = Release|Any CPU
		{CB83AFCF-20EA-472D-8871-6C2503208D2C}.Release|Any CPU.Build.0 = Release|Any CPU
		{3047AC92-C842-4A11-8F93-0C6F17807813}.Debug|Any CPU.ActiveCfg = Debug|Any CPU
		{3047AC92-C842-4A11-8F93-0C6F17807813}.Debug|Any CPU.Build.0 = Debug|Any CPU
		{3047AC92-C842-4A11-8F93-0C6F17807813}.Release|Any CPU.ActiveCfg = Release|Any CPU
		{3047AC92-C842-4A11-8F93-0C6F17807813}.Release|Any CPU.Build.0 = Release|Any CPU
		{E04C7B96-18B1-4597-ADF9-17C77A02D4B7}.Debug|Any CPU.ActiveCfg = Debug|Any CPU
		{E04C7B96-18B1-4597-ADF9-17C77A02D4B7}.Debug|Any CPU.Build.0 = Debug|Any CPU
		{E04C7B96-18B1-4597-ADF9-17C77A02D4B7}.Release|Any CPU.ActiveCfg = Release|Any CPU
		{E04C7B96-18B1-4597-ADF9-17C77A02D4B7}.Release|Any CPU.Build.0 = Release|Any CPU
		{D89F11F4-2439-4C2B-92C1-3ACA0FE95F60}.Debug|Any CPU.ActiveCfg = Debug|Any CPU
		{D89F11F4-2439-4C2B-92C1-3ACA0FE95F60}.Debug|Any CPU.Build.0 = Debug|Any CPU
		{D89F11F4-2439-4C2B-92C1-3ACA0FE95F60}.Release|Any CPU.ActiveCfg = Release|Any CPU
		{D89F11F4-2439-4C2B-92C1-3ACA0FE95F60}.Release|Any CPU.Build.0 = Release|Any CPU
		{456AB071-39DB-4DBD-A1EE-F63CE7E1F177}.Debug|Any CPU.ActiveCfg = Debug|Any CPU
		{456AB071-39DB-4DBD-A1EE-F63CE7E1F177}.Debug|Any CPU.Build.0 = Debug|Any CPU
		{456AB071-39DB-4DBD-A1EE-F63CE7E1F177}.Release|Any CPU.ActiveCfg = Release|Any CPU
		{456AB071-39DB-4DBD-A1EE-F63CE7E1F177}.Release|Any CPU.Build.0 = Release|Any CPU
		{1196613F-4670-4E8D-ACBE-0A7105257535}.Debug|Any CPU.ActiveCfg = Debug|Any CPU
		{1196613F-4670-4E8D-ACBE-0A7105257535}.Debug|Any CPU.Build.0 = Debug|Any CPU
		{1196613F-4670-4E8D-ACBE-0A7105257535}.Release|Any CPU.ActiveCfg = Release|Any CPU
		{1196613F-4670-4E8D-ACBE-0A7105257535}.Release|Any CPU.Build.0 = Release|Any CPU
		{D1A7BD13-4119-46E6-AA82-D6CE87C25AC7}.Debug|Any CPU.ActiveCfg = Debug|Any CPU
		{D1A7BD13-4119-46E6-AA82-D6CE87C25AC7}.Debug|Any CPU.Build.0 = Debug|Any CPU
		{D1A7BD13-4119-46E6-AA82-D6CE87C25AC7}.Release|Any CPU.ActiveCfg = Release|Any CPU
		{D1A7BD13-4119-46E6-AA82-D6CE87C25AC7}.Release|Any CPU.Build.0 = Release|Any CPU
		{E5C86859-B2D4-4C37-BCA1-DE3F345358FC}.Debug|Any CPU.ActiveCfg = Debug|Any CPU
		{E5C86859-B2D4-4C37-BCA1-DE3F345358FC}.Debug|Any CPU.Build.0 = Debug|Any CPU
		{E5C86859-B2D4-4C37-BCA1-DE3F345358FC}.Release|Any CPU.ActiveCfg = Release|Any CPU
		{E5C86859-B2D4-4C37-BCA1-DE3F345358FC}.Release|Any CPU.Build.0 = Release|Any CPU
		{74226A4D-6A9A-4CE8-9F7C-CBB62BE4F6EC}.Debug|Any CPU.ActiveCfg = Debug|Any CPU
		{74226A4D-6A9A-4CE8-9F7C-CBB62BE4F6EC}.Debug|Any CPU.Build.0 = Debug|Any CPU
		{74226A4D-6A9A-4CE8-9F7C-CBB62BE4F6EC}.Release|Any CPU.ActiveCfg = Release|Any CPU
		{74226A4D-6A9A-4CE8-9F7C-CBB62BE4F6EC}.Release|Any CPU.Build.0 = Release|Any CPU
		{0EE5B237-36B8-4641-B3F2-23F65A0DA363}.Debug|Any CPU.ActiveCfg = Debug|Any CPU
		{0EE5B237-36B8-4641-B3F2-23F65A0DA363}.Debug|Any CPU.Build.0 = Debug|Any CPU
		{0EE5B237-36B8-4641-B3F2-23F65A0DA363}.Release|Any CPU.ActiveCfg = Release|Any CPU
		{0EE5B237-36B8-4641-B3F2-23F65A0DA363}.Release|Any CPU.Build.0 = Release|Any CPU
		{A536641F-715D-4889-B520-FDC917BB1F3B}.Debug|Any CPU.ActiveCfg = Debug|Any CPU
		{A536641F-715D-4889-B520-FDC917BB1F3B}.Debug|Any CPU.Build.0 = Debug|Any CPU
		{A536641F-715D-4889-B520-FDC917BB1F3B}.Release|Any CPU.ActiveCfg = Release|Any CPU
		{A536641F-715D-4889-B520-FDC917BB1F3B}.Release|Any CPU.Build.0 = Release|Any CPU
		{BFE70494-64DC-400E-BFAE-71B6558212C8}.Debug|Any CPU.ActiveCfg = Debug|Any CPU
		{BFE70494-64DC-400E-BFAE-71B6558212C8}.Debug|Any CPU.Build.0 = Debug|Any CPU
		{BFE70494-64DC-400E-BFAE-71B6558212C8}.Release|Any CPU.ActiveCfg = Release|Any CPU
		{BFE70494-64DC-400E-BFAE-71B6558212C8}.Release|Any CPU.Build.0 = Release|Any CPU
	EndGlobalSection
	GlobalSection(SolutionProperties) = preSolution
		HideSolutionNode = FALSE
	EndGlobalSection
	GlobalSection(ExtensibilityGlobals) = postSolution
		SolutionGuid = {EC8ED92A-7837-41ED-8F40-EFC0666E1BE8}
	EndGlobalSection
	GlobalSection(NestedProjects) = preSolution
		{E04C7B96-18B1-4597-ADF9-17C77A02D4B7} = {C4F9EEA4-08DC-46CF-9AE5-F8D9EE29B765}
		{D89F11F4-2439-4C2B-92C1-3ACA0FE95F60} = {C4F9EEA4-08DC-46CF-9AE5-F8D9EE29B765}
		{456AB071-39DB-4DBD-A1EE-F63CE7E1F177} = {C4F9EEA4-08DC-46CF-9AE5-F8D9EE29B765}
		{1196613F-4670-4E8D-ACBE-0A7105257535} = {C4F9EEA4-08DC-46CF-9AE5-F8D9EE29B765}
		{D1A7BD13-4119-46E6-AA82-D6CE87C25AC7} = {C4F9EEA4-08DC-46CF-9AE5-F8D9EE29B765}
		{E5C86859-B2D4-4C37-BCA1-DE3F345358FC} = {2183D077-A189-45F0-AF7E-53AEA3F5A51D}
		{74226A4D-6A9A-4CE8-9F7C-CBB62BE4F6EC} = {2183D077-A189-45F0-AF7E-53AEA3F5A51D}
		{0EE5B237-36B8-4641-B3F2-23F65A0DA363} = {2183D077-A189-45F0-AF7E-53AEA3F5A51D}
		{A536641F-715D-4889-B520-FDC917BB1F3B} = {2183D077-A189-45F0-AF7E-53AEA3F5A51D}
		{BFE70494-64DC-400E-BFAE-71B6558212C8} = {2183D077-A189-45F0-AF7E-53AEA3F5A51D}
	EndGlobalSection
EndGlobal
